
Microsoft Visual Studio Solution File, Format Version 12.00
# Visual Studio Version 17
VisualStudioVersion = 17.1.32414.318
MinimumVisualStudioVersion = 10.0.40219.1
Project("{FAE04EC0-301F-11D3-BF4B-00C04F79EFBC}") = "CshExam1Dictionary", "CshExam1Dictionary\CshExam1Dictionary.csproj", "{1765F009-3A37-46B6-9B71-99BE69C81DE2}"
EndProject
Global
	GlobalSection(SolutionConfigurationPlatforms) = preSolution
		Debug|Any CPU = Debug|Any CPU
		Release|Any CPU = Release|Any CPU
	EndGlobalSection
	GlobalSection(ProjectConfigurationPlatforms) = postSolution
		{1765F009-3A37-46B6-9B71-99BE69C81DE2}.Debug|Any CPU.ActiveCfg = Debug|Any CPU
		{1765F009-3A37-46B6-9B71-99BE69C81DE2}.Debug|Any CPU.Build.0 = Debug|Any CPU
		{1765F009-3A37-46B6-9B71-99BE69C81DE2}.Release|Any CPU.ActiveCfg = Release|Any CPU
		{1765F009-3A37-46B6-9B71-99BE69C81DE2}.Release|Any CPU.Build.0 = Release|Any CPU
	EndGlobalSection
	GlobalSection(SolutionProperties) = preSolution
		HideSolutionNode = FALSE
	EndGlobalSection
	GlobalSection(ExtensibilityGlobals) = postSolution
		SolutionGuid = {3A689F89-2C0F-47FA-968C-2466EEA8541B}
	EndGlobalSection
EndGlobal
